// !$*UTF8*$!
{
	archiveVersion = 1;
	classes = {
	};
	objectVersion = 46;
	objects = {

/* Begin PBXBuildFile section */
		EDCB5C3D1EF0E00C00216826 /* AppDelegate.swift in Sources */ = {isa = PBXBuildFile; fileRef = EDCB5C3C1EF0E00C00216826 /* AppDelegate.swift */; };
		EDCB5C3F1EF0E00C00216826 /* ViewController.swift in Sources */ = {isa = PBXBuildFile; fileRef = EDCB5C3E1EF0E00C00216826 /* ViewController.swift */; };
		EDCB5C421EF0E00C00216826 /* Main.storyboard in Resources */ = {isa = PBXBuildFile; fileRef = EDCB5C401EF0E00C00216826 /* Main.storyboard */; };
		EDCB5C451EF0E00C00216826 /* DreamLister2.xcdatamodeld in Sources */ = {isa = PBXBuildFile; fileRef = EDCB5C431EF0E00C00216826 /* DreamLister2.xcdatamodeld */; };
		EDCB5C471EF0E00C00216826 /* Assets.xcassets in Resources */ = {isa = PBXBuildFile; fileRef = EDCB5C461EF0E00C00216826 /* Assets.xcassets */; };
		EDCB5C4A1EF0E00C00216826 /* LaunchScreen.storyboard in Resources */ = {isa = PBXBuildFile; fileRef = EDCB5C481EF0E00C00216826 /* LaunchScreen.storyboard */; };
/* End PBXBuildFile section */

/* Begin PBXFileReference section */
		EDCB5C391EF0E00C00216826 /* DreamLister2.app */ = {isa = PBXFileReference; explicitFileType = wrapper.application; includeInIndex = 0; path = DreamLister2.app; sourceTree = BUILT_PRODUCTS_DIR; };
		EDCB5C3C1EF0E00C00216826 /* AppDelegate.swift */ = {isa = PBXFileReference; lastKnownFileType = sourcecode.swift; path = AppDelegate.swift; sourceTree = "<group>"; };
		EDCB5C3E1EF0E00C00216826 /* ViewController.swift */ = {isa = PBXFileReference; lastKnownFileType = sourcecode.swift; path = ViewController.swift; sourceTree = "<group>"; };
		EDCB5C411EF0E00C00216826 /* Base */ = {isa = PBXFileReference; lastKnownFileType = file.storyboard; name = Base; path = Base.lproj/Main.storyboard; sourceTree = "<group>"; };
		EDCB5C441EF0E00C00216826 /* DreamLister2.xcdatamodel */ = {isa = PBXFileReference; lastKnownFileType = wrapper.xcdatamodel; path = DreamLister2.xcdatamodel; sourceTree = "<group>"; };
		EDCB5C461EF0E00C00216826 /* Assets.xcassets */ = {isa = PBXFileReference; lastKnownFileType = folder.assetcatalog; path = Assets.xcassets; sourceTree = "<group>"; };
		EDCB5C491EF0E00C00216826 /* Base */ = {isa = PBXFileReference; lastKnownFileType = file.storyboard; name = Base; path = Base.lproj/LaunchScreen.storyboard; sourceTree = "<group>"; };
		EDCB5C4B1EF0E00C00216826 /* Info.plist */ = {isa = PBXFileReference; lastKnownFileType = text.plist.xml; path = Info.plist; sourceTree = "<group>"; };
/* End PBXFileReference section */

/* Begin PBXFrameworksBuildPhase section */
		EDCB5C361EF0E00C00216826 /* Frameworks */ = {
			isa = PBXFrameworksBuildPhase;
			buildActionMask = 2147483647;
			files = (
			);
			runOnlyForDeploymentPostprocessing = 0;
		};
/* End PBXFrameworksBuildPhase section */

/* Begin PBXGroup section */
		EDCB5C301EF0E00C00216826 = {
			isa = PBXGroup;
			children = (
				EDCB5C3B1EF0E00C00216826 /* DreamLister2 */,
				EDCB5C3A1EF0E00C00216826 /* Products */,
			);
			sourceTree = "<group>";
		};
		EDCB5C3A1EF0E00C00216826 /* Products */ = {
			isa = PBXGroup;
			children = (
				EDCB5C391EF0E00C00216826 /* DreamLister2.app */,
			);
			name = Products;
			sourceTree = "<group>";
		};
		EDCB5C3B1EF0E00C00216826 /* DreamLister2 */ = {
			isa = PBXGroup;
			children = (
				EDCB5C3C1EF0E00C00216826 /* AppDelegate.swift */,
				EDCB5C3E1EF0E00C00216826 /* ViewController.swift */,
				EDCB5C401EF0E00C00216826 /* Main.storyboard */,
				EDCB5C461EF0E00C00216826 /* Assets.xcassets */,
				EDCB5C481EF0E00C00216826 /* LaunchScreen.storyboard */,
				EDCB5C4B1EF0E00C00216826 /* Info.plist */,
				EDCB5C431EF0E00C00216826 /* DreamLister2.xcdatamodeld */,
			);
			path = DreamLister2;
			sourceTree = "<group>";
		};
/* End PBXGroup section */

/* Begin PBXNativeTarget section */
		EDCB5C381EF0E00C00216826 /* DreamLister2 */ = {
			isa = PBXNativeTarget;
			buildConfigurationList = EDCB5C4E1EF0E00C00216826 /* Build configuration list for PBXNativeTarget "DreamLister2" */;
			buildPhases = (
				EDCB5C351EF0E00C00216826 /* Sources */,
				EDCB5C361EF0E00C00216826 /* Frameworks */,
				EDCB5C371EF0E00C00216826 /* Resources */,
			);
			buildRules = (
			);
			dependencies = (
			);
			name = DreamLister2;
			productName = DreamLister2;
			productReference = EDCB5C391EF0E00C00216826 /* DreamLister2.app */;
			productType = "com.apple.product-type.application";
		};
/* End PBXNativeTarget section */

/* Begin PBXProject section */
		EDCB5C311EF0E00C00216826 /* Project object */ = {
			isa = PBXProject;
			attributes = {
				LastSwiftUpdateCheck = 0830;
				LastUpgradeCheck = 0830;
				ORGANIZATIONNAME = "Cole Saunders";
				TargetAttributes = {
					EDCB5C381EF0E00C00216826 = {
						CreatedOnToolsVersion = 8.3.3;
						DevelopmentTeam = 5B96T946Q6;
						ProvisioningStyle = Automatic;
					};
				};
			};
			buildConfigurationList = EDCB5C341EF0E00C00216826 /* Build configuration list for PBXProject "DreamLister2" */;
			compatibilityVersion = "Xcode 3.2";
			developmentRegion = English;
			hasScannedForEncodings = 0;
			knownRegions = (
				en,
				Base,
			);
			mainGroup = EDCB5C301EF0E00C00216826;
			productRefGroup = EDCB5C3A1EF0E00C00216826 /* Products */;
			projectDirPath = "";
			projectRoot = "";
			targets = (
				EDCB5C381EF0E00C00216826 /* DreamLister2 */,
			);
		};
/* End PBXProject section */

/* Begin PBXResourcesBuildPhase section */
		EDCB5C371EF0E00C00216826 /* Resources */ = {
			isa = PBXResourcesBuildPhase;
			buildActionMask = 2147483647;
			files = (
				EDCB5C4A1EF0E00C00216826 /* LaunchScreen.storyboard in Resources */,
				EDCB5C471EF0E00C00216826 /* Assets.xcassets in Resources */,
				EDCB5C421EF0E00C00216826 /* Main.storyboard in Resources */,
			);
			runOnlyForDeploymentPostprocessing = 0;
		};
/* End PBXResourcesBuildPhase section */

/* Begin PBXSourcesBuildPhase section */
		EDCB5C351EF0E00C00216826 /* Sources */ = {
			isa = PBXSourcesBuildPhase;
			buildActionMask = 2147483647;
			files = (
				EDCB5C3F1EF0E00C00216826 /* ViewController.swift in Sources */,
				EDCB5C451EF0E00C00216826 /* DreamLister2.xcdatamodeld in Sources */,
				EDCB5C3D1EF0E00C00216826 /* AppDelegate.swift in Sources */,
			);
			runOnlyForDeploymentPostprocessing = 0;
		};
/* End PBXSourcesBuildPhase section */

/* Begin PBXVariantGroup section */
		EDCB5C401EF0E00C00216826 /* Main.storyboard */ = {
			isa = PBXVariantGroup;
			children = (
				EDCB5C411EF0E00C00216826 /* Base */,
			);
			name = Main.storyboard;
			sourceTree = "<group>";
		};
		EDCB5C481EF0E00C00216826 /* LaunchScreen.storyboard */ = {
			isa = PBXVariantGroup;
			children = (
				EDCB5C491EF0E00C00216826 /* Base */,
			);
			name = LaunchScreen.storyboard;
			sourceTree = "<group>";
		};
/* End PBXVariantGroup section */

/* Begin XCBuildConfiguration section */
		EDCB5C4C1EF0E00C00216826 /* Debug */ = {
			isa = XCBuildConfiguration;
			buildSettings = {
				ALWAYS_SEARCH_USER_PATHS = NO;
				CLANG_ANALYZER_NONNULL = YES;
				CLANG_ANALYZER_NUMBER_OBJECT_CONVERSION = YES_AGGRESSIVE;
				CLANG_CXX_LANGUAGE_STANDARD = "gnu++0x";
				CLANG_CXX_LIBRARY = "libc++";
				CLANG_ENABLE_MODULES = YES;
				CLANG_ENABLE_OBJC_ARC = YES;
				CLANG_WARN_BOOL_CONVERSION = YES;
				CLANG_WARN_CONSTANT_CONVERSION = YES;
				CLANG_WARN_DIRECT_OBJC_ISA_USAGE = YES_ERROR;
				CLANG_WARN_DOCUMENTATION_COMMENTS = YES;
				CLANG_WARN_EMPTY_BODY = YES;
				CLANG_WARN_ENUM_CONVERSION = YES;
				CLANG_WARN_INFINITE_RECURSION = YES;
				CLANG_WARN_INT_CONVERSION = YES;
				CLANG_WARN_OBJC_ROOT_CLASS = YES_ERROR;
				CLANG_WARN_SUSPICIOUS_MOVE = YES;
				CLANG_WARN_UNREACHABLE_CODE = YES;
				CLANG_WARN__DUPLICATE_METHOD_MATCH = YES;
				"CODE_SIGN_IDENTITY[sdk=iphoneos*]" = "iPhone Developer";
				COPY_PHASE_STRIP = NO;
				DEBUG_INFORMATION_FORMAT = dwarf;
				ENABLE_STRICT_OBJC_MSGSEND = YES;
				ENABLE_TESTABILITY = YES;
				GCC_C_LANGUAGE_STANDARD = gnu99;
				GCC_DYNAMIC_NO_PIC = NO;
				GCC_NO_COMMON_BLOCKS = YES;
				GCC_OPTIMIZATION_LEVEL = 0;
				GCC_PREPROCESSOR_DEFINITIONS = (
					"DEBUG=1",
					"$(inherited)",
				);
				GCC_WARN_64_TO_32_BIT_CONVERSION = YES;
				GCC_WARN_ABOUT_RETURN_TYPE = YES_ERROR;
				GCC_WARN_UNDECLARED_SELECTOR = YES;
				GCC_WARN_UNINITIALIZED_AUTOS = YES_AGGRESSIVE;
				GCC_WARN_UNUSED_FUNCTION = YES;
				GCC_WARN_UNUSED_VARIABLE = YES;
				IPHONEOS_DEPLOYMENT_TARGET = 10.3;
				MTL_ENABLE_DEBUG_INFO = YES;
				ONLY_ACTIVE_ARCH = YES;
				SDKROOT = iphoneos;
				SWIFT_ACTIVE_COMPILATION_CONDITIONS = DEBUG;
				SWIFT_OPTIMIZATION_LEVEL = "-Onone";
				TARGETED_DEVICE_FAMILY = "1,2";
			};
			name = Debug;
		};
		EDCB5C4D1EF0E00C00216826 /* Release */ = {
			isa = XCBuildConfiguration;
			buildSettings = {
				ALWAYS_SEARCH_USER_PATHS = NO;
				CLANG_ANALYZER_NONNULL = YES;
				CLANG_ANALYZER_NUMBER_OBJECT_CONVERSION = YES_AGGRESSIVE;
				CLANG_CXX_LANGUAGE_STANDARD = "gnu++0x";
				CLANG_CXX_LIBRARY = "libc++";
				CLANG_ENABLE_MODULES = YES;
				CLANG_ENABLE_OBJC_ARC = YES;
				CLANG_WARN_BOOL_CONVERSION = YES;
				CLANG_WARN_CONSTANT_CONVERSION = YES;
				CLANG_WARN_DIRECT_OBJC_ISA_USAGE = YES_ERROR;
				CLANG_WARN_DOCUMENTATION_COMMENTS = YES;
				CLANG_WARN_EMPTY_BODY = YES;
				CLANG_WARN_ENUM_CONVERSION = YES;
				CLANG_WARN_INFINITE_RECURSION = YES;
				CLANG_WARN_INT_CONVERSION = YES;
				CLANG_WARN_OBJC_ROOT_CLASS = YES_ERROR;
				CLANG_WARN_SUSPICIOUS_MOVE = YES;
				CLANG_WARN_UNREACHABLE_CODE = YES;
				CLANG_WARN__DUPLICATE_METHOD_MATCH = YES;
				"CODE_SIGN_IDENTITY[sdk=iphoneos*]" = "iPhone Developer";
				COPY_PHASE_STRIP = NO;
				DEBUG_INFORMATION_FORMAT = "dwarf-with-dsym";
				ENABLE_NS_ASSERTIONS = NO;
				ENABLE_STRICT_OBJC_MSGSEND = YES;
				GCC_C_LANGUAGE_STANDARD = gnu99;
				GCC_NO_COMMON_BLOCKS = YES;
				GCC_WARN_64_TO_32_BIT_CONVERSION = YES;
				GCC_WARN_ABOUT_RETURN_TYPE = YES_ERROR;
				GCC_WARN_UNDECLARED_SELECTOR = YES;
				GCC_WARN_UNINITIALIZED_AUTOS = YES_AGGRESSIVE;
				GCC_WARN_UNUSED_FUNCTION = YES;
				GCC_WARN_UNUSED_VARIABLE = YES;
				IPHONEOS_DEPLOYMENT_TARGET = 10.3;
				MTL_ENABLE_DEBUG_INFO = NO;
				SDKROOT = iphoneos;
				SWIFT_OPTIMIZATION_LEVEL = "-Owholemodule";
				TARGETED_DEVICE_FAMILY = "1,2";
				VALIDATE_PRODUCT = YES;
			};
			name = Release;
		};
		EDCB5C4F1EF0E00C00216826 /* Debug */ = {
			isa = XCBuildConfiguration;
			buildSettings = {
				ASSETCATALOG_COMPILER_APPICON_NAME = AppIcon;
				DEVELOPMENT_TEAM = 5B96T946Q6;
				INFOPLIST_FILE = DreamLister2/Info.plist;
				LD_RUNPATH_SEARCH_PATHS = "$(inherited) @executable_path/Frameworks";
				PRODUCT_BUNDLE_IDENTIFIER = Saunders.Test.8539.DreamLister2;
				PRODUCT_NAME = "$(TARGET_NAME)";
				SWIFT_VERSION = 3.0;
			};
			name = Debug;
		};
		EDCB5C501EF0E00C00216826 /* Release */ = {
			isa = XCBuildConfiguration;
			buildSettings = {
				ASSETCATALOG_COMPILER_APPICON_NAME = AppIcon;
				DEVELOPMENT_TEAM = 5B96T946Q6;
				INFOPLIST_FILE = DreamLister2/Info.plist;
				LD_RUNPATH_SEARCH_PATHS = "$(inherited) @executable_path/Frameworks";
				PRODUCT_BUNDLE_IDENTIFIER = Saunders.Test.8539.DreamLister2;
				PRODUCT_NAME = "$(TARGET_NAME)";
				SWIFT_VERSION = 3.0;
			};
			name = Release;
		};
/* End XCBuildConfiguration section */

/* Begin XCConfigurationList section */
		EDCB5C341EF0E00C00216826 /* Build configuration list for PBXProject "DreamLister2" */ = {
			isa = XCConfigurationList;
			buildConfigurations = (
				EDCB5C4C1EF0E00C00216826 /* Debug */,
				EDCB5C4D1EF0E00C00216826 /* Release */,
			);
			defaultConfigurationIsVisible = 0;
			defaultConfigurationName = Release;
		};
		EDCB5C4E1EF0E00C00216826 /* Build configuration list for PBXNativeTarget "DreamLister2" */ = {
			isa = XCConfigurationList;
			buildConfigurations = (
				EDCB5C4F1EF0E00C00216826 /* Debug */,
				EDCB5C501EF0E00C00216826 /* Release */,
			);
			defaultConfigurationIsVisible = 0;
		};
/* End XCConfigurationList section */

/* Begin XCVersionGroup section */
		EDCB5C431EF0E00C00216826 /* DreamLister2.xcdatamodeld */ = {
			isa = XCVersionGroup;
			children = (
				EDCB5C441EF0E00C00216826 /* DreamLister2.xcdatamodel */,
			);
			currentVersion = EDCB5C441EF0E00C00216826 /* DreamLister2.xcdatamodel */;
			path = DreamLister2.xcdatamodeld;
			sourceTree = "<group>";
			versionGroupType = wrapper.xcdatamodel;
		};
/* End XCVersionGroup section */
	};
	rootObject = EDCB5C311EF0E00C00216826 /* Project object */;
}
